{
  "lockfileVersion": 1,
  "dependencies": {
    "@rocket.chat/apps-engine": {
      "version": "0.4.8",
      "resolved": "https://registry.npmjs.org/@rocket.chat/apps-engine/-/apps-engine-0.4.8.tgz",
      "integrity": "sha512-QZ+VNeMf4RDWKTd8O6t8/enwOSNVla6hcpvZYAb9nd8D2Syi6RstcLCYCFjaM+Vc6EX5Dscv4nUjXJtsY/2KOw==",
      "dependencies": {
        "@rocket.chat/apps-ts-definition": {
          "version": "0.7.16",
          "resolved": "https://registry.npmjs.org/@rocket.chat/apps-ts-definition/-/apps-ts-definition-0.7.16.tgz",
          "integrity": "sha512-bCguBIH0rXn/58bY/+y/JGAALo/AjWikI9vhPu6IH9pBbIM2w57FAQT8Rd38B0Z+UK+uBsqlHdz5EWJPcU7ESA=="
        }
      }
    },
    "@rocket.chat/apps-ts-definition": {
      "version": "0.7.15",
      "resolved": "https://registry.npmjs.org/@rocket.chat/apps-ts-definition/-/apps-ts-definition-0.7.15.tgz",
      "integrity": "sha512-mOD1C/bTfeOY77/Rnlq8nLuCQSUTq8qeHH604DiehJJGD3gToEt2yIAbKOdFrkoOCV2T5z6eXzyBifMjsreAbQ=="
    },
    "adm-zip": {
      "version": "0.4.8",
      "resolved": "https://registry.npmjs.org/adm-zip/-/adm-zip-0.4.8.tgz",
      "integrity": "sha512-PcFQf6E2HFbI24MM4wttwKQ/UmBIfPk5qA7+fqXjL+sMQTrE2FykQ3j50TL+MlaEKN+/4IYqTpYfZ2I7Xec2cg=="
    },
    "busboy": {
      "version": "0.2.13",
      "resolved": "https://registry.npmjs.org/busboy/-/busboy-0.2.13.tgz",
      "integrity": "sha1-kPxPajln2BVhb8l2v6jlau0MWLY="
    },
    "core-util-is": {
      "version": "1.0.2",
      "resolved": "https://registry.npmjs.org/core-util-is/-/core-util-is-1.0.2.tgz",
      "integrity": "sha1-tf1UIgqivFq1eqtxQMlAdUUDwac="
    },
    "dicer": {
      "version": "0.2.5",
      "resolved": "https://registry.npmjs.org/dicer/-/dicer-0.2.5.tgz",
      "integrity": "sha1-WZbAhrszIYyBLAkL3cCc0S+stw8="
    },
    "inherits": {
      "version": "2.0.3",
      "resolved": "https://registry.npmjs.org/inherits/-/inherits-2.0.3.tgz",
      "integrity": "sha1-Yzwsg+PaQqUC9SRmAiSA9CCCYd4="
    },
    "isarray": {
      "version": "0.0.1",
      "resolved": "https://registry.npmjs.org/isarray/-/isarray-0.0.1.tgz",
      "integrity": "sha1-ihis/Kmo9Bd+Cav8YDiTmwXR7t8="
    },
    "readable-stream": {
      "version": "1.1.14",
      "resolved": "https://registry.npmjs.org/readable-stream/-/readable-stream-1.1.14.tgz",
      "integrity": "sha1-fPTFTvZI44EwhMY23SB54WbAgdk="
    },
    "semver": {
      "version": "5.5.0",
      "resolved": "https://registry.npmjs.org/semver/-/semver-5.5.0.tgz",
      "integrity": "sha512-4SJ3dm0WAwWy/NVeioZh5AntkdJoWKxHxcmyP622fOkgHa4z3R0TdBJICINyaSDE6uNwVc8gZr+ZinwZAH4xIA=="
    },
    "stack-trace": {
      "version": "0.0.10",
      "resolved": "https://registry.npmjs.org/stack-trace/-/stack-trace-0.0.10.tgz",
      "integrity": "sha1-VHxws0fo0ytOEI6hoqFZ5f3eGcA="
    },
    "streamsearch": {
      "version": "0.1.2",
      "resolved": "https://registry.npmjs.org/streamsearch/-/streamsearch-0.1.2.tgz",
      "integrity": "sha1-gIudDlb8Jz2Am6VzOOkpkZoanxo="
    },
    "string_decoder": {
      "version": "0.10.31",
      "resolved": "https://registry.npmjs.org/string_decoder/-/string_decoder-0.10.31.tgz",
      "integrity": "sha1-YuIDvEF2bGwoyfyEMB2rHFMQ+pQ="
    },
    "typescript": {
      "version": "2.8.3",
      "resolved": "https://registry.npmjs.org/typescript/-/typescript-2.8.3.tgz",
      "integrity": "sha512-K7g15Bb6Ra4lKf7Iq2l/I5/En+hLIHmxWZGq3D4DIRNFxMNV6j2SHSvDOqs2tGd4UvD/fJvrwopzQXjLrT7Itw=="
    },
    "uuid": {
      "version": "3.2.1",
      "resolved": "https://registry.npmjs.org/uuid/-/uuid-3.2.1.tgz",
      "integrity": "sha512-jZnMwlb9Iku/O3smGWvZhauCf6cvvpKi4BKRiliS3cxnI+Gz9j5MEpTz2UFuXiKPJocb7gnsLHwiS05ige5BEA=="
    }
  }
}
